<?xml version="1.0" encoding="utf-8"?>
<Project ToolsVersion="14.0" xmlns="http://schemas.microsoft.com/developer/msbuild/2003">
  <ItemGroup>
    <Filter Include="Resources">
      <UniqueIdentifier>00696b98-7d21-4a38-a46f-bfe3ef2e4816</UniqueIdentifier>
      <Extensions>rc;ico;cur;bmp;dlg;rc2;rct;bin;rgs;gif;jpg;jpeg;jpe;resx;tga;tiff;tif;png;wav;mfcribbon-ms</Extensions>
    </Filter>
    <Filter Include="src">
      <UniqueIdentifier>{5df4e3c4-0430-48de-84f1-b53976d37e08}</UniqueIdentifier>
    </Filter>
    <Filter Include="src\ZMedia">
      <UniqueIdentifier>{7dae304a-905e-47d9-ae6b-39de98123bd8}</UniqueIdentifier>
    </Filter>
  </ItemGroup>
  <ItemGroup>
    <ClCompile Include="Class1.cpp" />
    <ClCompile Include="..\..\src\CommandHandler.cpp">
      <Filter>src</Filter>
    </ClCompile>
    <ClCompile Include="..\..\src\PluginFactory.cpp">
      <Filter>src</Filter>
    </ClCompile>
  </ItemGroup>
  <ItemGroup>
    <ClInclude Include="Class1.h" />
    <ClInclude Include="..\..\src\CommandHandler.h">
      <Filter>src</Filter>
    </ClInclude>
    <ClInclude Include="..\..\src\IPlugin.h">
      <Filter>src</Filter>
    </ClInclude>
    <ClInclude Include="..\..\src\PluginFactory.h">
      <Filter>src</Filter>
    </ClInclude>
    <ClInclude Include="..\..\src\ZMedia\ZMediaPlugin.h">
      <Filter>src\ZMedia</Filter>
    </ClInclude>
  </ItemGroup>
</Project>