
Microsoft Visual Studio Solution File, Format Version 12.00
# Visual Studio 14
VisualStudioVersion = 14.0.25123.0
MinimumVisualStudioVersion = 10.0.40219.1
Project("{2150E333-8FDC-42A3-9474-1A3956D46DE8}") = "External", "External", "{B2F1FF1B-005C-490E-999E-17BD4B720B5C}"
EndProject
Project("{8BC9CEB8-8B4A-11D0-8D11-00A0C91BC942}") = "libbox2d", "..\cocos2d\external\Box2D\proj-win10\libbox2d.vcxproj", "{0C32D479-46D5-46C3-9AA9-0A8FF8320516}"
EndProject
Project("{8BC9CEB8-8B4A-11D0-8D11-00A0C91BC942}") = "libSpine", "..\cocos2d\cocos\editor-support\spine\proj.win10\libSpine.vcxproj", "{4B3BA10A-941F-4E08-8A50-8A7FCB822BB8}"
EndProject
Project("{8BC9CEB8-8B4A-11D0-8D11-00A0C91BC942}") = "libcocos2d", "..\cocos2d\cocos\2d\libcocos2d_win10\libcocos2d.vcxproj", "{07C2895D-720C-487D-B7B4-12C293EA533F}"
EndProject
Project("{8BC9CEB8-8B4A-11D0-8D11-00A0C91BC942}") = "ZxPlugins-tests", "App\ZxPlugins-tests.vcxproj", "{187D3E60-961A-41EE-BC18-C510A431D22E}"
EndProject
Project("{8BC9CEB8-8B4A-11D0-8D11-00A0C91BC942}") = "libbullet", "..\cocos2d\external\bullet\proj.win10\libbullet.vcxproj", "{ECEE1119-CE2E-4F7E-83A8-1932EA48E893}"
EndProject
Project("{8BC9CEB8-8B4A-11D0-8D11-00A0C91BC942}") = "librecast", "..\cocos2d\external\recast\proj.win10\librecast.vcxproj", "{F551524D-8A70-4B2F-A7C2-28AE61150022}"
EndProject
Project("{2150E333-8FDC-42A3-9474-1A3956D46DE8}") = "ZxPlugins", "ZxPlugins", "{187A6F23-EABC-43E9-A6DA-1DA1BE5899AD}"
EndProject
Project("{FAE04EC0-301F-11D3-BF4B-00C04F79EFBC}") = "CocosAppWinRT.ZxPlugin.cordova_plugin_device", "..\..\Plugins\cordova-plugin-device\platform\win10\CocosAppWinRT.ZxPlugin.cordova_plugin_device\CocosAppWinRT.ZxPlugin.cordova_plugin_device.csproj", "{2A88D3C4-5E5F-45DF-9A65-BC177F5E1C0B}"
EndProject
Global
	GlobalSection(SharedMSBuildProjectFiles) = preSolution
		..\..\ZxPlugins-lib\platform\win10\ZxPluginLibHandler\ZxPluginLibHandler.projitems*{2a88d3c4-5e5f-45df-9a65-bc177f5e1c0b}*SharedItemsImports = 4
	EndGlobalSection
	GlobalSection(SolutionConfigurationPlatforms) = preSolution
		Debug|Any CPU = Debug|Any CPU
		Debug|ARM = Debug|ARM
		Debug|x64 = Debug|x64
		Debug|x86 = Debug|x86
		Release|Any CPU = Release|Any CPU
		Release|ARM = Release|ARM
		Release|x64 = Release|x64
		Release|x86 = Release|x86
	EndGlobalSection
	GlobalSection(ProjectConfigurationPlatforms) = postSolution
		{0C32D479-46D5-46C3-9AA9-0A8FF8320516}.Debug|Any CPU.ActiveCfg = Debug|Win32
		{0C32D479-46D5-46C3-9AA9-0A8FF8320516}.Debug|ARM.ActiveCfg = Debug|ARM
		{0C32D479-46D5-46C3-9AA9-0A8FF8320516}.Debug|ARM.Build.0 = Debug|ARM
		{0C32D479-46D5-46C3-9AA9-0A8FF8320516}.Debug|x64.ActiveCfg = Debug|x64
		{0C32D479-46D5-46C3-9AA9-0A8FF8320516}.Debug|x64.Build.0 = Debug|x64
		{0C32D479-46D5-46C3-9AA9-0A8FF8320516}.Debug|x86.ActiveCfg = Debug|Win32
		{0C32D479-46D5-46C3-9AA9-0A8FF8320516}.Debug|x86.Build.0 = Debug|Win32
		{0C32D479-46D5-46C3-9AA9-0A8FF8320516}.Release|Any CPU.ActiveCfg = Release|Win32
		{0C32D479-46D5-46C3-9AA9-0A8FF8320516}.Release|ARM.ActiveCfg = Release|ARM
		{0C32D479-46D5-46C3-9AA9-0A8FF8320516}.Release|ARM.Build.0 = Release|ARM
		{0C32D479-46D5-46C3-9AA9-0A8FF8320516}.Release|x64.ActiveCfg = Release|x64
		{0C32D479-46D5-46C3-9AA9-0A8FF8320516}.Release|x64.Build.0 = Release|x64
		{0C32D479-46D5-46C3-9AA9-0A8FF8320516}.Release|x86.ActiveCfg = Release|Win32
		{0C32D479-46D5-46C3-9AA9-0A8FF8320516}.Release|x86.Build.0 = Release|Win32
		{4B3BA10A-941F-4E08-8A50-8A7FCB822BB8}.Debug|Any CPU.ActiveCfg = Debug|Win32
		{4B3BA10A-941F-4E08-8A50-8A7FCB822BB8}.Debug|ARM.ActiveCfg = Debug|ARM
		{4B3BA10A-941F-4E08-8A50-8A7FCB822BB8}.Debug|ARM.Build.0 = Debug|ARM
		{4B3BA10A-941F-4E08-8A50-8A7FCB822BB8}.Debug|x64.ActiveCfg = Debug|x64
		{4B3BA10A-941F-4E08-8A50-8A7FCB822BB8}.Debug|x64.Build.0 = Debug|x64
		{4B3BA10A-941F-4E08-8A50-8A7FCB822BB8}.Debug|x86.ActiveCfg = Debug|Win32
		{4B3BA10A-941F-4E08-8A50-8A7FCB822BB8}.Debug|x86.Build.0 = Debug|Win32
		{4B3BA10A-941F-4E08-8A50-8A7FCB822BB8}.Release|Any CPU.ActiveCfg = Release|Win32
		{4B3BA10A-941F-4E08-8A50-8A7FCB822BB8}.Release|ARM.ActiveCfg = Release|ARM
		{4B3BA10A-941F-4E08-8A50-8A7FCB822BB8}.Release|ARM.Build.0 = Release|ARM
		{4B3BA10A-941F-4E08-8A50-8A7FCB822BB8}.Release|x64.ActiveCfg = Release|x64
		{4B3BA10A-941F-4E08-8A50-8A7FCB822BB8}.Release|x64.Build.0 = Release|x64
		{4B3BA10A-941F-4E08-8A50-8A7FCB822BB8}.Release|x86.ActiveCfg = Release|Win32
		{4B3BA10A-941F-4E08-8A50-8A7FCB822BB8}.Release|x86.Build.0 = Release|Win32
		{07C2895D-720C-487D-B7B4-12C293EA533F}.Debug|Any CPU.ActiveCfg = Debug|Win32
		{07C2895D-720C-487D-B7B4-12C293EA533F}.Debug|ARM.ActiveCfg = Debug|ARM
		{07C2895D-720C-487D-B7B4-12C293EA533F}.Debug|ARM.Build.0 = Debug|ARM
		{07C2895D-720C-487D-B7B4-12C293EA533F}.Debug|x64.ActiveCfg = Debug|x64
		{07C2895D-720C-487D-B7B4-12C293EA533F}.Debug|x64.Build.0 = Debug|x64
		{07C2895D-720C-487D-B7B4-12C293EA533F}.Debug|x86.ActiveCfg = Debug|Win32
		{07C2895D-720C-487D-B7B4-12C293EA533F}.Debug|x86.Build.0 = Debug|Win32
		{07C2895D-720C-487D-B7B4-12C293EA533F}.Release|Any CPU.ActiveCfg = Release|Win32
		{07C2895D-720C-487D-B7B4-12C293EA533F}.Release|ARM.ActiveCfg = Release|ARM
		{07C2895D-720C-487D-B7B4-12C293EA533F}.Release|ARM.Build.0 = Release|ARM
		{07C2895D-720C-487D-B7B4-12C293EA533F}.Release|x64.ActiveCfg = Release|x64
		{07C2895D-720C-487D-B7B4-12C293EA533F}.Release|x64.Build.0 = Release|x64
		{07C2895D-720C-487D-B7B4-12C293EA533F}.Release|x86.ActiveCfg = Release|Win32
		{07C2895D-720C-487D-B7B4-12C293EA533F}.Release|x86.Build.0 = Release|Win32
		{187D3E60-961A-41EE-BC18-C510A431D22E}.Debug|Any CPU.ActiveCfg = Debug|Win32
		{187D3E60-961A-41EE-BC18-C510A431D22E}.Debug|ARM.ActiveCfg = Debug|ARM
		{187D3E60-961A-41EE-BC18-C510A431D22E}.Debug|ARM.Build.0 = Debug|ARM
		{187D3E60-961A-41EE-BC18-C510A431D22E}.Debug|ARM.Deploy.0 = Debug|ARM
		{187D3E60-961A-41EE-BC18-C510A431D22E}.Debug|x64.ActiveCfg = Debug|x64
		{187D3E60-961A-41EE-BC18-C510A431D22E}.Debug|x64.Build.0 = Debug|x64
		{187D3E60-961A-41EE-BC18-C510A431D22E}.Debug|x64.Deploy.0 = Debug|x64
		{187D3E60-961A-41EE-BC18-C510A431D22E}.Debug|x86.ActiveCfg = Debug|Win32
		{187D3E60-961A-41EE-BC18-C510A431D22E}.Debug|x86.Build.0 = Debug|Win32
		{187D3E60-961A-41EE-BC18-C510A431D22E}.Debug|x86.Deploy.0 = Debug|Win32
		{187D3E60-961A-41EE-BC18-C510A431D22E}.Release|Any CPU.ActiveCfg = Release|Win32
		{187D3E60-961A-41EE-BC18-C510A431D22E}.Release|ARM.ActiveCfg = Release|ARM
		{187D3E60-961A-41EE-BC18-C510A431D22E}.Release|ARM.Build.0 = Release|ARM
		{187D3E60-961A-41EE-BC18-C510A431D22E}.Release|ARM.Deploy.0 = Release|ARM
		{187D3E60-961A-41EE-BC18-C510A431D22E}.Release|x64.ActiveCfg = Release|x64
		{187D3E60-961A-41EE-BC18-C510A431D22E}.Release|x64.Build.0 = Release|x64
		{187D3E60-961A-41EE-BC18-C510A431D22E}.Release|x64.Deploy.0 = Release|x64
		{187D3E60-961A-41EE-BC18-C510A431D22E}.Release|x86.ActiveCfg = Release|Win32
		{187D3E60-961A-41EE-BC18-C510A431D22E}.Release|x86.Build.0 = Release|Win32
		{187D3E60-961A-41EE-BC18-C510A431D22E}.Release|x86.Deploy.0 = Release|Win32
		{ECEE1119-CE2E-4F7E-83A8-1932EA48E893}.Debug|Any CPU.ActiveCfg = Debug|Win32
		{ECEE1119-CE2E-4F7E-83A8-1932EA48E893}.Debug|ARM.ActiveCfg = Debug|ARM
		{ECEE1119-CE2E-4F7E-83A8-1932EA48E893}.Debug|ARM.Build.0 = Debug|ARM
		{ECEE1119-CE2E-4F7E-83A8-1932EA48E893}.Debug|x64.ActiveCfg = Debug|x64
		{ECEE1119-CE2E-4F7E-83A8-1932EA48E893}.Debug|x64.Build.0 = Debug|x64
		{ECEE1119-CE2E-4F7E-83A8-1932EA48E893}.Debug|x86.ActiveCfg = Debug|Win32
		{ECEE1119-CE2E-4F7E-83A8-1932EA48E893}.Debug|x86.Build.0 = Debug|Win32
		{ECEE1119-CE2E-4F7E-83A8-1932EA48E893}.Release|Any CPU.ActiveCfg = Release|Win32
		{ECEE1119-CE2E-4F7E-83A8-1932EA48E893}.Release|ARM.ActiveCfg = Release|ARM
		{ECEE1119-CE2E-4F7E-83A8-1932EA48E893}.Release|ARM.Build.0 = Release|ARM
		{ECEE1119-CE2E-4F7E-83A8-1932EA48E893}.Release|x64.ActiveCfg = Release|x64
		{ECEE1119-CE2E-4F7E-83A8-1932EA48E893}.Release|x64.Build.0 = Release|x64
		{ECEE1119-CE2E-4F7E-83A8-1932EA48E893}.Release|x86.ActiveCfg = Release|Win32
		{ECEE1119-CE2E-4F7E-83A8-1932EA48E893}.Release|x86.Build.0 = Release|Win32
		{F551524D-8A70-4B2F-A7C2-28AE61150022}.Debug|Any CPU.ActiveCfg = Debug|Win32
		{F551524D-8A70-4B2F-A7C2-28AE61150022}.Debug|ARM.ActiveCfg = Debug|ARM
		{F551524D-8A70-4B2F-A7C2-28AE61150022}.Debug|ARM.Build.0 = Debug|ARM
		{F551524D-8A70-4B2F-A7C2-28AE61150022}.Debug|x64.ActiveCfg = Debug|x64
		{F551524D-8A70-4B2F-A7C2-28AE61150022}.Debug|x64.Build.0 = Debug|x64
		{F551524D-8A70-4B2F-A7C2-28AE61150022}.Debug|x86.ActiveCfg = Debug|Win32
		{F551524D-8A70-4B2F-A7C2-28AE61150022}.Debug|x86.Build.0 = Debug|Win32
		{F551524D-8A70-4B2F-A7C2-28AE61150022}.Release|Any CPU.ActiveCfg = Release|Win32
		{F551524D-8A70-4B2F-A7C2-28AE61150022}.Release|ARM.ActiveCfg = Release|ARM
		{F551524D-8A70-4B2F-A7C2-28AE61150022}.Release|ARM.Build.0 = Release|ARM
		{F551524D-8A70-4B2F-A7C2-28AE61150022}.Release|x64.ActiveCfg = Release|x64
		{F551524D-8A70-4B2F-A7C2-28AE61150022}.Release|x64.Build.0 = Release|x64
		{F551524D-8A70-4B2F-A7C2-28AE61150022}.Release|x86.ActiveCfg = Release|Win32
		{F551524D-8A70-4B2F-A7C2-28AE61150022}.Release|x86.Build.0 = Release|Win32
		{2A88D3C4-5E5F-45DF-9A65-BC177F5E1C0B}.Debug|Any CPU.ActiveCfg = Debug|Any CPU
		{2A88D3C4-5E5F-45DF-9A65-BC177F5E1C0B}.Debug|Any CPU.Build.0 = Debug|Any CPU
		{2A88D3C4-5E5F-45DF-9A65-BC177F5E1C0B}.Debug|ARM.ActiveCfg = Debug|ARM
		{2A88D3C4-5E5F-45DF-9A65-BC177F5E1C0B}.Debug|ARM.Build.0 = Debug|ARM
		{2A88D3C4-5E5F-45DF-9A65-BC177F5E1C0B}.Debug|x64.ActiveCfg = Debug|x64
		{2A88D3C4-5E5F-45DF-9A65-BC177F5E1C0B}.Debug|x64.Build.0 = Debug|x64
		{2A88D3C4-5E5F-45DF-9A65-BC177F5E1C0B}.Debug|x86.ActiveCfg = Debug|x86
		{2A88D3C4-5E5F-45DF-9A65-BC177F5E1C0B}.Debug|x86.Build.0 = Debug|x86
		{2A88D3C4-5E5F-45DF-9A65-BC177F5E1C0B}.Release|Any CPU.ActiveCfg = Release|Any CPU
		{2A88D3C4-5E5F-45DF-9A65-BC177F5E1C0B}.Release|Any CPU.Build.0 = Release|Any CPU
		{2A88D3C4-5E5F-45DF-9A65-BC177F5E1C0B}.Release|ARM.ActiveCfg = Release|ARM
		{2A88D3C4-5E5F-45DF-9A65-BC177F5E1C0B}.Release|ARM.Build.0 = Release|ARM
		{2A88D3C4-5E5F-45DF-9A65-BC177F5E1C0B}.Release|x64.ActiveCfg = Release|x64
		{2A88D3C4-5E5F-45DF-9A65-BC177F5E1C0B}.Release|x64.Build.0 = Release|x64
		{2A88D3C4-5E5F-45DF-9A65-BC177F5E1C0B}.Release|x86.ActiveCfg = Release|x86
		{2A88D3C4-5E5F-45DF-9A65-BC177F5E1C0B}.Release|x86.Build.0 = Release|x86
	EndGlobalSection
	GlobalSection(SolutionProperties) = preSolution
		HideSolutionNode = FALSE
	EndGlobalSection
	GlobalSection(NestedProjects) = preSolution
		{0C32D479-46D5-46C3-9AA9-0A8FF8320516} = {B2F1FF1B-005C-490E-999E-17BD4B720B5C}
		{4B3BA10A-941F-4E08-8A50-8A7FCB822BB8} = {B2F1FF1B-005C-490E-999E-17BD4B720B5C}
		{ECEE1119-CE2E-4F7E-83A8-1932EA48E893} = {B2F1FF1B-005C-490E-999E-17BD4B720B5C}
		{F551524D-8A70-4B2F-A7C2-28AE61150022} = {B2F1FF1B-005C-490E-999E-17BD4B720B5C}
		{2A88D3C4-5E5F-45DF-9A65-BC177F5E1C0B} = {187A6F23-EABC-43E9-A6DA-1DA1BE5899AD}
	EndGlobalSection
EndGlobal
