
Microsoft Visual Studio Solution File, Format Version 12.00
# Visual Studio 14
VisualStudioVersion = 14.0.24720.0
MinimumVisualStudioVersion = 10.0.40219.1
Project("{8BC9CEB8-8B4A-11D0-8D11-00A0C91BC942}") = "libzxplugins.interop", "libzxplugins.interop\libzxplugins.interop.vcxproj", "{2A89BBCD-4415-4AAC-9036-E3054268BFBC}"
EndProject
Project("{8BC9CEB8-8B4A-11D0-8D11-00A0C91BC942}") = "libzxplugins", "libzxplugins\libzxplugins.vcxproj", "{B1EF5D5D-0930-48DA-92C1-DC0E46C194D8}"
EndProject
Global
	GlobalSection(SolutionConfigurationPlatforms) = preSolution
		Debug|ARM = Debug|ARM
		Debug|x64 = Debug|x64
		Debug|x86 = Debug|x86
		Release|ARM = Release|ARM
		Release|x64 = Release|x64
		Release|x86 = Release|x86
	EndGlobalSection
	GlobalSection(ProjectConfigurationPlatforms) = postSolution
		{2A89BBCD-4415-4AAC-9036-E3054268BFBC}.Debug|ARM.ActiveCfg = Debug|ARM
		{2A89BBCD-4415-4AAC-9036-E3054268BFBC}.Debug|ARM.Build.0 = Debug|ARM
		{2A89BBCD-4415-4AAC-9036-E3054268BFBC}.Debug|x64.ActiveCfg = Debug|x64
		{2A89BBCD-4415-4AAC-9036-E3054268BFBC}.Debug|x64.Build.0 = Debug|x64
		{2A89BBCD-4415-4AAC-9036-E3054268BFBC}.Debug|x86.ActiveCfg = Debug|Win32
		{2A89BBCD-4415-4AAC-9036-E3054268BFBC}.Debug|x86.Build.0 = Debug|Win32
		{2A89BBCD-4415-4AAC-9036-E3054268BFBC}.Release|ARM.ActiveCfg = Release|ARM
		{2A89BBCD-4415-4AAC-9036-E3054268BFBC}.Release|ARM.Build.0 = Release|ARM
		{2A89BBCD-4415-4AAC-9036-E3054268BFBC}.Release|x64.ActiveCfg = Release|x64
		{2A89BBCD-4415-4AAC-9036-E3054268BFBC}.Release|x64.Build.0 = Release|x64
		{2A89BBCD-4415-4AAC-9036-E3054268BFBC}.Release|x86.ActiveCfg = Release|Win32
		{2A89BBCD-4415-4AAC-9036-E3054268BFBC}.Release|x86.Build.0 = Release|Win32
		{B1EF5D5D-0930-48DA-92C1-DC0E46C194D8}.Debug|ARM.ActiveCfg = Debug|ARM
		{B1EF5D5D-0930-48DA-92C1-DC0E46C194D8}.Debug|ARM.Build.0 = Debug|ARM
		{B1EF5D5D-0930-48DA-92C1-DC0E46C194D8}.Debug|x64.ActiveCfg = Debug|x64
		{B1EF5D5D-0930-48DA-92C1-DC0E46C194D8}.Debug|x64.Build.0 = Debug|x64
		{B1EF5D5D-0930-48DA-92C1-DC0E46C194D8}.Debug|x86.ActiveCfg = Debug|Win32
		{B1EF5D5D-0930-48DA-92C1-DC0E46C194D8}.Debug|x86.Build.0 = Debug|Win32
		{B1EF5D5D-0930-48DA-92C1-DC0E46C194D8}.Release|ARM.ActiveCfg = Release|ARM
		{B1EF5D5D-0930-48DA-92C1-DC0E46C194D8}.Release|ARM.Build.0 = Release|ARM
		{B1EF5D5D-0930-48DA-92C1-DC0E46C194D8}.Release|x64.ActiveCfg = Release|x64
		{B1EF5D5D-0930-48DA-92C1-DC0E46C194D8}.Release|x64.Build.0 = Release|x64
		{B1EF5D5D-0930-48DA-92C1-DC0E46C194D8}.Release|x86.ActiveCfg = Release|Win32
		{B1EF5D5D-0930-48DA-92C1-DC0E46C194D8}.Release|x86.Build.0 = Release|Win32
	EndGlobalSection
	GlobalSection(SolutionProperties) = preSolution
		HideSolutionNode = FALSE
	EndGlobalSection
EndGlobal
