
Microsoft Visual Studio Solution File, Format Version 12.00
# Visual Studio 14
VisualStudioVersion = 14.0.24720.0
MinimumVisualStudioVersion = 10.0.40219.1
Project("{8BC9CEB8-8B4A-11D0-8D11-00A0C91BC942}") = "ZxPluginLibHandler", "..\..\..\..\ZxPlugins-lib\platform\windows\ZxPluginLibHandler\ZxPluginLibHandler.vcxproj", "{838B0688-2433-4996-8360-D1E0CB0658C0}"
EndProject
Project("{2150E333-8FDC-42A3-9474-1A3956D46DE8}") = "External", "External", "{FD3B30F2-87D0-45CB-8102-0ED76D4812E7}"
EndProject
Project("{2150E333-8FDC-42A3-9474-1A3956D46DE8}") = "ZxPlugin", "ZxPlugin", "{45C05B20-7F69-42DC-A4AA-EBA7F4C40F92}"
EndProject
Project("{D954291E-2A0B-460D-934E-DC6B0785DB48}") = "CocosAppWinRT.ZxPlugin.Cordova", "..\..\..\..\External\CordovaLib\windows\CocosAppWinRT.ZxPlugin.Cordova.shproj", "{07264E75-3F9F-4D98-8709-C5982BE7DA31}"
EndProject
Project("{FAE04EC0-301F-11D3-BF4B-00C04F79EFBC}") = "CocosAppWinRT.ZxPlugin.cordova_plugin_device", "CocosAppWinRT.ZxPlugin.cordova_plugin_device\CocosAppWinRT.ZxPlugin.cordova_plugin_device.csproj", "{2A88D3C4-5E5F-45DF-9A65-BC177F5E1C0B}"
EndProject
Global
	GlobalSection(SharedMSBuildProjectFiles) = preSolution
		..\..\..\..\External\CordovaLib\windows\CocosAppWinRT.ZxPlugin.CordovaLib.projitems*{2a88d3c4-5e5f-45df-9a65-bc177f5e1c0b}*SharedItemsImports = 4
		..\..\..\..\External\CordovaLib\windows\CocosAppWinRT.ZxPlugin.CordovaLib.projitems*{07264e75-3f9f-4d98-8709-c5982be7da31}*SharedItemsImports = 13
	EndGlobalSection
	GlobalSection(SolutionConfigurationPlatforms) = preSolution
		Debug|Any CPU = Debug|Any CPU
		Debug|ARM = Debug|ARM
		Debug|x64 = Debug|x64
		Debug|x86 = Debug|x86
		Release|Any CPU = Release|Any CPU
		Release|ARM = Release|ARM
		Release|x64 = Release|x64
		Release|x86 = Release|x86
	EndGlobalSection
	GlobalSection(ProjectConfigurationPlatforms) = postSolution
		{838B0688-2433-4996-8360-D1E0CB0658C0}.Debug|Any CPU.ActiveCfg = Debug|Win32
		{838B0688-2433-4996-8360-D1E0CB0658C0}.Debug|ARM.ActiveCfg = Debug|ARM
		{838B0688-2433-4996-8360-D1E0CB0658C0}.Debug|ARM.Build.0 = Debug|ARM
		{838B0688-2433-4996-8360-D1E0CB0658C0}.Debug|x64.ActiveCfg = Debug|x64
		{838B0688-2433-4996-8360-D1E0CB0658C0}.Debug|x64.Build.0 = Debug|x64
		{838B0688-2433-4996-8360-D1E0CB0658C0}.Debug|x86.ActiveCfg = Debug|Win32
		{838B0688-2433-4996-8360-D1E0CB0658C0}.Debug|x86.Build.0 = Debug|Win32
		{838B0688-2433-4996-8360-D1E0CB0658C0}.Release|Any CPU.ActiveCfg = Release|Win32
		{838B0688-2433-4996-8360-D1E0CB0658C0}.Release|ARM.ActiveCfg = Release|ARM
		{838B0688-2433-4996-8360-D1E0CB0658C0}.Release|ARM.Build.0 = Release|ARM
		{838B0688-2433-4996-8360-D1E0CB0658C0}.Release|x64.ActiveCfg = Release|x64
		{838B0688-2433-4996-8360-D1E0CB0658C0}.Release|x64.Build.0 = Release|x64
		{838B0688-2433-4996-8360-D1E0CB0658C0}.Release|x86.ActiveCfg = Release|Win32
		{838B0688-2433-4996-8360-D1E0CB0658C0}.Release|x86.Build.0 = Release|Win32
		{2A88D3C4-5E5F-45DF-9A65-BC177F5E1C0B}.Debug|Any CPU.ActiveCfg = Debug|Any CPU
		{2A88D3C4-5E5F-45DF-9A65-BC177F5E1C0B}.Debug|Any CPU.Build.0 = Debug|Any CPU
		{2A88D3C4-5E5F-45DF-9A65-BC177F5E1C0B}.Debug|ARM.ActiveCfg = Debug|ARM
		{2A88D3C4-5E5F-45DF-9A65-BC177F5E1C0B}.Debug|ARM.Build.0 = Debug|ARM
		{2A88D3C4-5E5F-45DF-9A65-BC177F5E1C0B}.Debug|x64.ActiveCfg = Debug|x64
		{2A88D3C4-5E5F-45DF-9A65-BC177F5E1C0B}.Debug|x64.Build.0 = Debug|x64
		{2A88D3C4-5E5F-45DF-9A65-BC177F5E1C0B}.Debug|x86.ActiveCfg = Debug|x86
		{2A88D3C4-5E5F-45DF-9A65-BC177F5E1C0B}.Debug|x86.Build.0 = Debug|x86
		{2A88D3C4-5E5F-45DF-9A65-BC177F5E1C0B}.Release|Any CPU.ActiveCfg = Release|Any CPU
		{2A88D3C4-5E5F-45DF-9A65-BC177F5E1C0B}.Release|Any CPU.Build.0 = Release|Any CPU
		{2A88D3C4-5E5F-45DF-9A65-BC177F5E1C0B}.Release|ARM.ActiveCfg = Release|ARM
		{2A88D3C4-5E5F-45DF-9A65-BC177F5E1C0B}.Release|ARM.Build.0 = Release|ARM
		{2A88D3C4-5E5F-45DF-9A65-BC177F5E1C0B}.Release|x64.ActiveCfg = Release|x64
		{2A88D3C4-5E5F-45DF-9A65-BC177F5E1C0B}.Release|x64.Build.0 = Release|x64
		{2A88D3C4-5E5F-45DF-9A65-BC177F5E1C0B}.Release|x86.ActiveCfg = Release|x86
		{2A88D3C4-5E5F-45DF-9A65-BC177F5E1C0B}.Release|x86.Build.0 = Release|x86
	EndGlobalSection
	GlobalSection(SolutionProperties) = preSolution
		HideSolutionNode = FALSE
	EndGlobalSection
	GlobalSection(NestedProjects) = preSolution
		{838B0688-2433-4996-8360-D1E0CB0658C0} = {45C05B20-7F69-42DC-A4AA-EBA7F4C40F92}
		{07264E75-3F9F-4D98-8709-C5982BE7DA31} = {FD3B30F2-87D0-45CB-8102-0ED76D4812E7}
	EndGlobalSection
EndGlobal
