
Microsoft Visual Studio Solution File, Format Version 12.00
# Visual Studio 14
VisualStudioVersion = 14.0.24720.0
MinimumVisualStudioVersion = 10.0.40219.1
Project("{D954291E-2A0B-460D-934E-DC6B0785DB48}") = "ZxPluginLibHandler", "ZxPluginLibHandler\ZxPluginLibHandler.shproj", "{312A6253-699A-4E99-931D-6BE320715E61}"
EndProject
Global
	GlobalSection(SharedMSBuildProjectFiles) = preSolution
		ZxPluginLibHandler\ZxPluginLibHandler.projitems*{312a6253-699a-4e99-931d-6be320715e61}*SharedItemsImports = 13
	EndGlobalSection
	GlobalSection(SolutionProperties) = preSolution
		HideSolutionNode = FALSE
	EndGlobalSection
EndGlobal
